
Microsoft Visual Studio Solution File, Format Version 12.00
# Visual Studio Version 17
VisualStudioVersion = 17.4.33205.214
MinimumVisualStudioVersion = 10.0.40219.1
Project("{FAE04EC0-301F-11D3-BF4B-00C04F79EFBC}") = "TestSitek", "TestSitek\TestSitek.csproj", "{919FDB70-E0FA-4E4C-BF75-EA80A736E570}"
EndProject
Global
	GlobalSection(SolutionConfigurationPlatforms) = preSolution
		Debug|Any CPU = Debug|Any CPU
		Release|Any CPU = Release|Any CPU
	EndGlobalSection
	GlobalSection(ProjectConfigurationPlatforms) = postSolution
		{919FDB70-E0FA-4E4C-BF75-EA80A736E570}.Debug|Any CPU.ActiveCfg = Debug|Any CPU
		{919FDB70-E0FA-4E4C-BF75-EA80A736E570}.Debug|Any CPU.Build.0 = Debug|Any CPU
		{919FDB70-E0FA-4E4C-BF75-EA80A736E570}.Release|Any CPU.ActiveCfg = Release|Any CPU
		{919FDB70-E0FA-4E4C-BF75-EA80A736E570}.Release|Any CPU.Build.0 = Release|Any CPU
	EndGlobalSection
	GlobalSection(SolutionProperties) = preSolution
		HideSolutionNode = FALSE
	EndGlobalSection
	GlobalSection(ExtensibilityGlobals) = postSolution
		SolutionGuid = {8203F894-95F8-4788-B4CF-01681C53D737}
	EndGlobalSection
EndGlobal
